
Microsoft Visual Studio Solution File, Format Version 12.00
# Visual Studio Version 17
VisualStudioVersion = 17.9.34607.119
MinimumVisualStudioVersion = 10.0.40219.1
Project("{FAE04EC0-301F-11D3-BF4B-00C04F79EFBC}") = "Server.API", "Server.API\Server.API.csproj", "{EBFDC3DF-92A8-4C81-AE64-80A5049DA2E8}"
EndProject
Project("{FAE04EC0-301F-11D3-BF4B-00C04F79EFBC}") = "Server.Data", "Server.Data\Server.Data.csproj", "{E4044F2C-0EF3-4962-9725-D26F080BCCE8}"
EndProject
Project("{FAE04EC0-301F-11D3-BF4B-00C04F79EFBC}") = "Server.Share", "Server.Share\Server.Share.csproj", "{FF535EEC-F5F5-4677-9E0E-89FB2D32694F}"
EndProject
Global
	GlobalSection(SolutionProperties) = preSolution
		HideSolutionNode = FALSE
	EndGlobalSection
	GlobalSection(ExtensibilityGlobals) = postSolution
		SolutionGuid = {E35F8C29-6511-4956-85A5-6268A42CC7BB}
	EndGlobalSection
	GlobalSection(SolutionConfigurationPlatforms) = preSolution
		Debug|Any CPU = Debug|Any CPU
		Debug|x64 = Debug|x64
		Debug|x86 = Debug|x86
		Release|Any CPU = Release|Any CPU
		Release|x64 = Release|x64
		Release|x86 = Release|x86
	EndGlobalSection
	GlobalSection(ProjectConfigurationPlatforms) = postSolution
		{EBFDC3DF-92A8-4C81-AE64-80A5049DA2E8}.Debug|Any CPU.ActiveCfg = Debug|Any CPU
		{EBFDC3DF-92A8-4C81-AE64-80A5049DA2E8}.Debug|Any CPU.Build.0 = Debug|Any CPU
		{EBFDC3DF-92A8-4C81-AE64-80A5049DA2E8}.Debug|x64.ActiveCfg = Debug|Any CPU
		{EBFDC3DF-92A8-4C81-AE64-80A5049DA2E8}.Debug|x64.Build.0 = Debug|Any CPU
		{EBFDC3DF-92A8-4C81-AE64-80A5049DA2E8}.Debug|x86.ActiveCfg = Debug|Any CPU
		{EBFDC3DF-92A8-4C81-AE64-80A5049DA2E8}.Debug|x86.Build.0 = Debug|Any CPU
		{EBFDC3DF-92A8-4C81-AE64-80A5049DA2E8}.Release|Any CPU.ActiveCfg = Release|Any CPU
		{EBFDC3DF-92A8-4C81-AE64-80A5049DA2E8}.Release|Any CPU.Build.0 = Release|Any CPU
		{EBFDC3DF-92A8-4C81-AE64-80A5049DA2E8}.Release|x64.ActiveCfg = Release|Any CPU
		{EBFDC3DF-92A8-4C81-AE64-80A5049DA2E8}.Release|x64.Build.0 = Release|Any CPU
		{EBFDC3DF-92A8-4C81-AE64-80A5049DA2E8}.Release|x86.ActiveCfg = Release|Any CPU
		{EBFDC3DF-92A8-4C81-AE64-80A5049DA2E8}.Release|x86.Build.0 = Release|Any CPU
		{E4044F2C-0EF3-4962-9725-D26F080BCCE8}.Debug|Any CPU.ActiveCfg = Debug|Any CPU
		{E4044F2C-0EF3-4962-9725-D26F080BCCE8}.Debug|Any CPU.Build.0 = Debug|Any CPU
		{E4044F2C-0EF3-4962-9725-D26F080BCCE8}.Debug|x64.ActiveCfg = Debug|Any CPU
		{E4044F2C-0EF3-4962-9725-D26F080BCCE8}.Debug|x64.Build.0 = Debug|Any CPU
		{E4044F2C-0EF3-4962-9725-D26F080BCCE8}.Debug|x86.ActiveCfg = Debug|Any CPU
		{E4044F2C-0EF3-4962-9725-D26F080BCCE8}.Debug|x86.Build.0 = Debug|Any CPU
		{E4044F2C-0EF3-4962-9725-D26F080BCCE8}.Release|Any CPU.ActiveCfg = Release|Any CPU
		{E4044F2C-0EF3-4962-9725-D26F080BCCE8}.Release|Any CPU.Build.0 = Release|Any CPU
		{E4044F2C-0EF3-4962-9725-D26F080BCCE8}.Release|x64.ActiveCfg = Release|Any CPU
		{E4044F2C-0EF3-4962-9725-D26F080BCCE8}.Release|x64.Build.0 = Release|Any CPU
		{E4044F2C-0EF3-4962-9725-D26F080BCCE8}.Release|x86.ActiveCfg = Release|Any CPU
		{E4044F2C-0EF3-4962-9725-D26F080BCCE8}.Release|x86.Build.0 = Release|Any CPU
		{FF535EEC-F5F5-4677-9E0E-89FB2D32694F}.Debug|Any CPU.ActiveCfg = Debug|Any CPU
		{FF535EEC-F5F5-4677-9E0E-89FB2D32694F}.Debug|Any CPU.Build.0 = Debug|Any CPU
		{FF535EEC-F5F5-4677-9E0E-89FB2D32694F}.Debug|x64.ActiveCfg = Debug|Any CPU
		{FF535EEC-F5F5-4677-9E0E-89FB2D32694F}.Debug|x64.Build.0 = Debug|Any CPU
		{FF535EEC-F5F5-4677-9E0E-89FB2D32694F}.Debug|x86.ActiveCfg = Debug|Any CPU
		{FF535EEC-F5F5-4677-9E0E-89FB2D32694F}.Debug|x86.Build.0 = Debug|Any CPU
		{FF535EEC-F5F5-4677-9E0E-89FB2D32694F}.Release|Any CPU.ActiveCfg = Release|Any CPU
		{FF535EEC-F5F5-4677-9E0E-89FB2D32694F}.Release|Any CPU.Build.0 = Release|Any CPU
		{FF535EEC-F5F5-4677-9E0E-89FB2D32694F}.Release|x64.ActiveCfg = Release|Any CPU
		{FF535EEC-F5F5-4677-9E0E-89FB2D32694F}.Release|x64.Build.0 = Release|Any CPU
		{FF535EEC-F5F5-4677-9E0E-89FB2D32694F}.Release|x86.ActiveCfg = Release|Any CPU
		{FF535EEC-F5F5-4677-9E0E-89FB2D32694F}.Release|x86.Build.0 = Release|Any CPU
	EndGlobalSection
EndGlobal
